
Microsoft Visual Studio Solution File, Format Version 12.00
# Visual Studio 14
VisualStudioVersion = 14.0.24720.0
MinimumVisualStudioVersion = 10.0.40219.1
Project("{FAE04EC0-301F-11D3-BF4B-00C04F79EFBC}") = "ShortcutGadget", "ShortcutGadget\ShortcutGadget.csproj", "{3B29FFCF-5D3F-4641-B727-E44AED43442A}"
EndProject
Project("{FAE04EC0-301F-11D3-BF4B-00C04F79EFBC}") = "ShortcutGadget.UnitTests", "ShortcutGadget.UnitTests\ShortcutGadget.UnitTests.csproj", "{9A347DFC-48D6-44D9-9768-E82770268B0B}"
EndProject
Project("{FAE04EC0-301F-11D3-BF4B-00C04F79EFBC}") = "ShortcutGadget.Console", "ShortcutGadget.Console\ShortcutGadget.Console.csproj", "{CF9A930C-9671-4447-B896-7F074BBD7082}"
EndProject
Project("{6141683F-8A12-4E36-9623-2EB02B2C2303}") = "ShortcutGadget.WindowsSetup", "ShortcutGadget.WindowsSetup\ShortcutGadget.WindowsSetup.isproj", "{F5F50D33-0B6A-4EF7-8AAE-625719C2C209}"
EndProject
Global
	GlobalSection(SolutionConfigurationPlatforms) = preSolution
		CD_ROM|Any CPU = CD_ROM|Any CPU
		Debug|Any CPU = Debug|Any CPU
		DVD-5|Any CPU = DVD-5|Any CPU
		Release|Any CPU = Release|Any CPU
		SingleImage|Any CPU = SingleImage|Any CPU
	EndGlobalSection
	GlobalSection(ProjectConfigurationPlatforms) = postSolution
		{3B29FFCF-5D3F-4641-B727-E44AED43442A}.CD_ROM|Any CPU.ActiveCfg = Release|Any CPU
		{3B29FFCF-5D3F-4641-B727-E44AED43442A}.CD_ROM|Any CPU.Build.0 = Release|Any CPU
		{3B29FFCF-5D3F-4641-B727-E44AED43442A}.Debug|Any CPU.ActiveCfg = Debug|Any CPU
		{3B29FFCF-5D3F-4641-B727-E44AED43442A}.Debug|Any CPU.Build.0 = Debug|Any CPU
		{3B29FFCF-5D3F-4641-B727-E44AED43442A}.DVD-5|Any CPU.ActiveCfg = Debug|Any CPU
		{3B29FFCF-5D3F-4641-B727-E44AED43442A}.DVD-5|Any CPU.Build.0 = Debug|Any CPU
		{3B29FFCF-5D3F-4641-B727-E44AED43442A}.Release|Any CPU.ActiveCfg = Release|Any CPU
		{3B29FFCF-5D3F-4641-B727-E44AED43442A}.Release|Any CPU.Build.0 = Release|Any CPU
		{3B29FFCF-5D3F-4641-B727-E44AED43442A}.SingleImage|Any CPU.ActiveCfg = Release|Any CPU
		{3B29FFCF-5D3F-4641-B727-E44AED43442A}.SingleImage|Any CPU.Build.0 = Release|Any CPU
		{9A347DFC-48D6-44D9-9768-E82770268B0B}.CD_ROM|Any CPU.ActiveCfg = Release|Any CPU
		{9A347DFC-48D6-44D9-9768-E82770268B0B}.CD_ROM|Any CPU.Build.0 = Release|Any CPU
		{9A347DFC-48D6-44D9-9768-E82770268B0B}.Debug|Any CPU.ActiveCfg = Debug|Any CPU
		{9A347DFC-48D6-44D9-9768-E82770268B0B}.Debug|Any CPU.Build.0 = Debug|Any CPU
		{9A347DFC-48D6-44D9-9768-E82770268B0B}.DVD-5|Any CPU.ActiveCfg = Debug|Any CPU
		{9A347DFC-48D6-44D9-9768-E82770268B0B}.DVD-5|Any CPU.Build.0 = Debug|Any CPU
		{9A347DFC-48D6-44D9-9768-E82770268B0B}.Release|Any CPU.ActiveCfg = Release|Any CPU
		{9A347DFC-48D6-44D9-9768-E82770268B0B}.Release|Any CPU.Build.0 = Release|Any CPU
		{9A347DFC-48D6-44D9-9768-E82770268B0B}.SingleImage|Any CPU.ActiveCfg = Release|Any CPU
		{9A347DFC-48D6-44D9-9768-E82770268B0B}.SingleImage|Any CPU.Build.0 = Release|Any CPU
		{CF9A930C-9671-4447-B896-7F074BBD7082}.CD_ROM|Any CPU.ActiveCfg = Release|Any CPU
		{CF9A930C-9671-4447-B896-7F074BBD7082}.CD_ROM|Any CPU.Build.0 = Release|Any CPU
		{CF9A930C-9671-4447-B896-7F074BBD7082}.Debug|Any CPU.ActiveCfg = Debug|Any CPU
		{CF9A930C-9671-4447-B896-7F074BBD7082}.Debug|Any CPU.Build.0 = Debug|Any CPU
		{CF9A930C-9671-4447-B896-7F074BBD7082}.DVD-5|Any CPU.ActiveCfg = Debug|Any CPU
		{CF9A930C-9671-4447-B896-7F074BBD7082}.DVD-5|Any CPU.Build.0 = Debug|Any CPU
		{CF9A930C-9671-4447-B896-7F074BBD7082}.Release|Any CPU.ActiveCfg = Release|Any CPU
		{CF9A930C-9671-4447-B896-7F074BBD7082}.Release|Any CPU.Build.0 = Release|Any CPU
		{CF9A930C-9671-4447-B896-7F074BBD7082}.SingleImage|Any CPU.ActiveCfg = Release|Any CPU
		{CF9A930C-9671-4447-B896-7F074BBD7082}.SingleImage|Any CPU.Build.0 = Release|Any CPU
		{F5F50D33-0B6A-4EF7-8AAE-625719C2C209}.CD_ROM|Any CPU.ActiveCfg = CD_ROM
		{F5F50D33-0B6A-4EF7-8AAE-625719C2C209}.CD_ROM|Any CPU.Build.0 = CD_ROM
		{F5F50D33-0B6A-4EF7-8AAE-625719C2C209}.Debug|Any CPU.ActiveCfg = DVD-5
		{F5F50D33-0B6A-4EF7-8AAE-625719C2C209}.Debug|Any CPU.Build.0 = DVD-5
		{F5F50D33-0B6A-4EF7-8AAE-625719C2C209}.DVD-5|Any CPU.ActiveCfg = DVD-5
		{F5F50D33-0B6A-4EF7-8AAE-625719C2C209}.DVD-5|Any CPU.Build.0 = DVD-5
		{F5F50D33-0B6A-4EF7-8AAE-625719C2C209}.Release|Any CPU.ActiveCfg = SingleImage
		{F5F50D33-0B6A-4EF7-8AAE-625719C2C209}.Release|Any CPU.Build.0 = SingleImage
		{F5F50D33-0B6A-4EF7-8AAE-625719C2C209}.SingleImage|Any CPU.ActiveCfg = SingleImage
		{F5F50D33-0B6A-4EF7-8AAE-625719C2C209}.SingleImage|Any CPU.Build.0 = SingleImage
	EndGlobalSection
	GlobalSection(SolutionProperties) = preSolution
		HideSolutionNode = FALSE
	EndGlobalSection
EndGlobal
